Microsoft Visual Studio Solution File, Format Version 12.00
# Visual Studio Version 16
VisualStudioVersion = 16.0.30114.105
MinimumVisualStudioVersion = 10.0.40219.1
Project("{2150E333-8FDC-42A3-9474-1A3956D46DE8}") = "src", "src", "{8D9ECCFF-E022-4B68-BB43-228CEA248DEC}"
EndProject
Project("{9A19103F-16F7-4668-BE54-9A1E7A4F7556}") = "Redis.OM", "src\Redis.OM\Redis.OM.csproj", "{7994382C-28EF-4F55-9B6D-810D35247816}"
EndProject
Project("{9A19103F-16F7-4668-BE54-9A1E7A4F7556}") = "Redis.OM.POC", "src\Redis.OM.POC\Redis.OM.POC.csproj", "{E3A31119-E4F1-4793-B5C2-ED2D51502B01}"
EndProject
Project("{9A19103F-16F7-4668-BE54-9A1E7A4F7556}") = "Redis.OM.Unit.Tests", "test\Redis.OM.Unit.Tests\Redis.OM.Unit.Tests.csproj", "{570BF479-BCF4-4D1B-A702-2234CA0A3E7D}"
EndProject
Project("{9A19103F-16F7-4668-BE54-9A1E7A4F7556}") = "Redis.OM.Test.ConsoleApp", "test\Redis.OM.Test.ConsoleApp\Redis.OM.Test.ConsoleApp.csproj", "{FC7E5ED3-51AC-45E6-A178-6287C9227975}"
EndProject
Project("{FAE04EC0-301F-11D3-BF4B-00C04F79EFBC}") = "Redis.OM.Analyzer", "src\Redis.OM.Analyzer\Redis.OM.Analyzer.csproj", "{44FAD9BB-C6DF-402C-BCE7-64E7C674F8D1}"
EndProject
Project("{FAE04EC0-301F-11D3-BF4B-00C04F79EFBC}") = "Redis.OM.AspNetCore", "src\Redis.OM.AspNetCore\Redis.OM.AspNetCore.csproj", "{230ED77D-D625-43BC-94D6-6BDBACEA3EAF}"
EndProject
Project("{FAE04EC0-301F-11D3-BF4B-00C04F79EFBC}") = "Redis.OM.Test.AspDotnetCore", "test\Redis.OM.Test.AspDotnetCore\Redis.OM.Test.AspDotnetCore.csproj", "{3F609AB2-1492-4EBE-9FF2-B47829307E9E}"
EndProject
Global
	GlobalSection(SolutionConfigurationPlatforms) = preSolution
		Debug|Any CPU = Debug|Any CPU
		Debug|x64 = Debug|x64
		Debug|x86 = Debug|x86
		Release|Any CPU = Release|Any CPU
		Release|x64 = Release|x64
		Release|x86 = Release|x86
	EndGlobalSection
	GlobalSection(ProjectConfigurationPlatforms) = postSolution
		{7994382C-28EF-4F55-9B6D-810D35247816}.Debug|Any CPU.ActiveCfg = Debug|Any CPU
		{7994382C-28EF-4F55-9B6D-810D35247816}.Debug|Any CPU.Build.0 = Debug|Any CPU
		{7994382C-28EF-4F55-9B6D-810D35247816}.Debug|x64.ActiveCfg = Debug|Any CPU
		{7994382C-28EF-4F55-9B6D-810D35247816}.Debug|x64.Build.0 = Debug|Any CPU
		{7994382C-28EF-4F55-9B6D-810D35247816}.Debug|x86.ActiveCfg = Debug|Any CPU
		{7994382C-28EF-4F55-9B6D-810D35247816}.Debug|x86.Build.0 = Debug|Any CPU
		{7994382C-28EF-4F55-9B6D-810D35247816}.Release|Any CPU.ActiveCfg = Release|Any CPU
		{7994382C-28EF-4F55-9B6D-810D35247816}.Release|Any CPU.Build.0 = Release|Any CPU
		{7994382C-28EF-4F55-9B6D-810D35247816}.Release|x64.ActiveCfg = Release|Any CPU
		{7994382C-28EF-4F55-9B6D-810D35247816}.Release|x64.Build.0 = Release|Any CPU
		{7994382C-28EF-4F55-9B6D-810D35247816}.Release|x86.ActiveCfg = Release|Any CPU
		{7994382C-28EF-4F55-9B6D-810D35247816}.Release|x86.Build.0 = Release|Any CPU
		{E3A31119-E4F1-4793-B5C2-ED2D51502B01}.Debug|Any CPU.ActiveCfg = Debug|Any CPU
		{E3A31119-E4F1-4793-B5C2-ED2D51502B01}.Debug|Any CPU.Build.0 = Debug|Any CPU
		{E3A31119-E4F1-4793-B5C2-ED2D51502B01}.Debug|x64.ActiveCfg = Debug|Any CPU
		{E3A31119-E4F1-4793-B5C2-ED2D51502B01}.Debug|x64.Build.0 = Debug|Any CPU
		{E3A31119-E4F1-4793-B5C2-ED2D51502B01}.Debug|x86.ActiveCfg = Debug|Any CPU
		{E3A31119-E4F1-4793-B5C2-ED2D51502B01}.Debug|x86.Build.0 = Debug|Any CPU
		{E3A31119-E4F1-4793-B5C2-ED2D51502B01}.Release|Any CPU.ActiveCfg = Release|Any CPU
		{E3A31119-E4F1-4793-B5C2-ED2D51502B01}.Release|Any CPU.Build.0 = Release|Any CPU
		{E3A31119-E4F1-4793-B5C2-ED2D51502B01}.Release|x64.ActiveCfg = Release|Any CPU
		{E3A31119-E4F1-4793-B5C2-ED2D51502B01}.Release|x64.Build.0 = Release|Any CPU
		{E3A31119-E4F1-4793-B5C2-ED2D51502B01}.Release|x86.ActiveCfg = Release|Any CPU
		{E3A31119-E4F1-4793-B5C2-ED2D51502B01}.Release|x86.Build.0 = Release|Any CPU
		{570BF479-BCF4-4D1B-A702-2234CA0A3E7D}.Debug|Any CPU.ActiveCfg = Debug|Any CPU
		{570BF479-BCF4-4D1B-A702-2234CA0A3E7D}.Debug|Any CPU.Build.0 = Debug|Any CPU
		{570BF479-BCF4-4D1B-A702-2234CA0A3E7D}.Debug|x64.ActiveCfg = Debug|Any CPU
		{570BF479-BCF4-4D1B-A702-2234CA0A3E7D}.Debug|x64.Build.0 = Debug|Any CPU
		{570BF479-BCF4-4D1B-A702-2234CA0A3E7D}.Debug|x86.ActiveCfg = Debug|Any CPU
		{570BF479-BCF4-4D1B-A702-2234CA0A3E7D}.Debug|x86.Build.0 = Debug|Any CPU
		{570BF479-BCF4-4D1B-A702-2234CA0A3E7D}.Release|Any CPU.ActiveCfg = Release|Any CPU
		{570BF479-BCF4-4D1B-A702-2234CA0A3E7D}.Release|Any CPU.Build.0 = Release|Any CPU
		{570BF479-BCF4-4D1B-A702-2234CA0A3E7D}.Release|x64.ActiveCfg = Release|Any CPU
		{570BF479-BCF4-4D1B-A702-2234CA0A3E7D}.Release|x64.Build.0 = Release|Any CPU
		{570BF479-BCF4-4D1B-A702-2234CA0A3E7D}.Release|x86.ActiveCfg = Release|Any CPU
		{570BF479-BCF4-4D1B-A702-2234CA0A3E7D}.Release|x86.Build.0 = Release|Any CPU
		{FC7E5ED3-51AC-45E6-A178-6287C9227975}.Debug|Any CPU.ActiveCfg = Debug|Any CPU
		{FC7E5ED3-51AC-45E6-A178-6287C9227975}.Debug|Any CPU.Build.0 = Debug|Any CPU
		{FC7E5ED3-51AC-45E6-A178-6287C9227975}.Debug|x64.ActiveCfg = Debug|Any CPU
		{FC7E5ED3-51AC-45E6-A178-6287C9227975}.Debug|x64.Build.0 = Debug|Any CPU
		{FC7E5ED3-51AC-45E6-A178-6287C9227975}.Debug|x86.ActiveCfg = Debug|Any CPU
		{FC7E5ED3-51AC-45E6-A178-6287C9227975}.Debug|x86.Build.0 = Debug|Any CPU
		{FC7E5ED3-51AC-45E6-A178-6287C9227975}.Release|Any CPU.ActiveCfg = Release|Any CPU
		{FC7E5ED3-51AC-45E6-A178-6287C9227975}.Release|Any CPU.Build.0 = Release|Any CPU
		{FC7E5ED3-51AC-45E6-A178-6287C9227975}.Release|x64.ActiveCfg = Release|Any CPU
		{FC7E5ED3-51AC-45E6-A178-6287C9227975}.Release|x64.Build.0 = Release|Any CPU
		{FC7E5ED3-51AC-45E6-A178-6287C9227975}.Release|x86.ActiveCfg = Release|Any CPU
		{FC7E5ED3-51AC-45E6-A178-6287C9227975}.Release|x86.Build.0 = Release|Any CPU
		{44FAD9BB-C6DF-402C-BCE7-64E7C674F8D1}.Debug|Any CPU.ActiveCfg = Debug|Any CPU
		{44FAD9BB-C6DF-402C-BCE7-64E7C674F8D1}.Debug|Any CPU.Build.0 = Debug|Any CPU
		{44FAD9BB-C6DF-402C-BCE7-64E7C674F8D1}.Debug|x64.ActiveCfg = Debug|Any CPU
		{44FAD9BB-C6DF-402C-BCE7-64E7C674F8D1}.Debug|x64.Build.0 = Debug|Any CPU
		{44FAD9BB-C6DF-402C-BCE7-64E7C674F8D1}.Debug|x86.ActiveCfg = Debug|Any CPU
		{44FAD9BB-C6DF-402C-BCE7-64E7C674F8D1}.Debug|x86.Build.0 = Debug|Any CPU
		{44FAD9BB-C6DF-402C-BCE7-64E7C674F8D1}.Release|Any CPU.ActiveCfg = Release|Any CPU
		{44FAD9BB-C6DF-402C-BCE7-64E7C674F8D1}.Release|Any CPU.Build.0 = Release|Any CPU
		{44FAD9BB-C6DF-402C-BCE7-64E7C674F8D1}.Release|x64.ActiveCfg = Release|Any CPU
		{44FAD9BB-C6DF-402C-BCE7-64E7C674F8D1}.Release|x64.Build.0 = Release|Any CPU
		{44FAD9BB-C6DF-402C-BCE7-64E7C674F8D1}.Release|x86.ActiveCfg = Release|Any CPU
		{44FAD9BB-C6DF-402C-BCE7-64E7C674F8D1}.Release|x86.Build.0 = Release|Any CPU
		{230ED77D-D625-43BC-94D6-6BDBACEA3EAF}.Debug|Any CPU.ActiveCfg = Debug|Any CPU
		{230ED77D-D625-43BC-94D6-6BDBACEA3EAF}.Debug|Any CPU.Build.0 = Debug|Any CPU
		{230ED77D-D625-43BC-94D6-6BDBACEA3EAF}.Debug|x64.ActiveCfg = Debug|Any CPU
		{230ED77D-D625-43BC-94D6-6BDBACEA3EAF}.Debug|x64.Build.0 = Debug|Any CPU
		{230ED77D-D625-43BC-94D6-6BDBACEA3EAF}.Debug|x86.ActiveCfg = Debug|Any CPU
		{230ED77D-D625-43BC-94D6-6BDBACEA3EAF}.Debug|x86.Build.0 = Debug|Any CPU
		{230ED77D-D625-43BC-94D6-6BDBACEA3EAF}.Release|Any CPU.ActiveCfg = Release|Any CPU
		{230ED77D-D625-43BC-94D6-6BDBACEA3EAF}.Release|Any CPU.Build.0 = Release|Any CPU
		{230ED77D-D625-43BC-94D6-6BDBACEA3EAF}.Release|x64.ActiveCfg = Release|Any CPU
		{230ED77D-D625-43BC-94D6-6BDBACEA3EAF}.Release|x64.Build.0 = Release|Any CPU
		{230ED77D-D625-43BC-94D6-6BDBACEA3EAF}.Release|x86.ActiveCfg = Release|Any CPU
		{230ED77D-D625-43BC-94D6-6BDBACEA3EAF}.Release|x86.Build.0 = Release|Any CPU
		{3F609AB2-1492-4EBE-9FF2-B47829307E9E}.Debug|Any CPU.ActiveCfg = Debug|Any CPU
		{3F609AB2-1492-4EBE-9FF2-B47829307E9E}.Debug|Any CPU.Build.0 = Debug|Any CPU
		{3F609AB2-1492-4EBE-9FF2-B47829307E9E}.Debug|x64.ActiveCfg = Debug|Any CPU
		{3F609AB2-1492-4EBE-9FF2-B47829307E9E}.Debug|x64.Build.0 = Debug|Any CPU
		{3F609AB2-1492-4EBE-9FF2-B47829307E9E}.Debug|x86.ActiveCfg = Debug|Any CPU
		{3F609AB2-1492-4EBE-9FF2-B47829307E9E}.Debug|x86.Build.0 = Debug|Any CPU
		{3F609AB2-1492-4EBE-9FF2-B47829307E9E}.Release|Any CPU.ActiveCfg = Release|Any CPU
		{3F609AB2-1492-4EBE-9FF2-B47829307E9E}.Release|Any CPU.Build.0 = Release|Any CPU
		{3F609AB2-1492-4EBE-9FF2-B47829307E9E}.Release|x64.ActiveCfg = Release|Any CPU
		{3F609AB2-1492-4EBE-9FF2-B47829307E9E}.Release|x64.Build.0 = Release|Any CPU
		{3F609AB2-1492-4EBE-9FF2-B47829307E9E}.Release|x86.ActiveCfg = Release|Any CPU
		{3F609AB2-1492-4EBE-9FF2-B47829307E9E}.Release|x86.Build.0 = Release|Any CPU
	EndGlobalSection
	GlobalSection(SolutionProperties) = preSolution
		HideSolutionNode = FALSE
	EndGlobalSection
	GlobalSection(NestedProjects) = preSolution
		{7994382C-28EF-4F55-9B6D-810D35247816} = {8D9ECCFF-E022-4B68-BB43-228CEA248DEC}
		{E3A31119-E4F1-4793-B5C2-ED2D51502B01} = {8D9ECCFF-E022-4B68-BB43-228CEA248DEC}
		{44FAD9BB-C6DF-402C-BCE7-64E7C674F8D1} = {8D9ECCFF-E022-4B68-BB43-228CEA248DEC}
		{230ED77D-D625-43BC-94D6-6BDBACEA3EAF} = {8D9ECCFF-E022-4B68-BB43-228CEA248DEC}
	EndGlobalSection
	GlobalSection(ExtensibilityGlobals) = postSolution
		SolutionGuid = {E5752441-184B-4F17-BAD0-93823AC68607}
	EndGlobalSection
EndGlobal
