
Microsoft Visual Studio Solution File, Format Version 12.00
# Visual Studio Version 17
VisualStudioVersion = 17.2.32505.173
MinimumVisualStudioVersion = 10.0.40219.1
Project("{9A19103F-16F7-4668-BE54-9A1E7A4F7556}") = "Redis.OM.QueryingStringsWithinArrays", "Redis.OM.QueryingStringsWithinArrays.csproj", "{EA6FAC79-A169-4736-8C24-38F74A2D5E44}"
EndProject
Global
	GlobalSection(SolutionConfigurationPlatforms) = preSolution
		Debug|Any CPU = Debug|Any CPU
		Release|Any CPU = Release|Any CPU
	EndGlobalSection
	GlobalSection(ProjectConfigurationPlatforms) = postSolution
		{EA6FAC79-A169-4736-8C24-38F74A2D5E44}.Debug|Any CPU.ActiveCfg = Debug|Any CPU
		{EA6FAC79-A169-4736-8C24-38F74A2D5E44}.Debug|Any CPU.Build.0 = Debug|Any CPU
		{EA6FAC79-A169-4736-8C24-38F74A2D5E44}.Release|Any CPU.ActiveCfg = Release|Any CPU
		{EA6FAC79-A169-4736-8C24-38F74A2D5E44}.Release|Any CPU.Build.0 = Release|Any CPU
	EndGlobalSection
	GlobalSection(SolutionProperties) = preSolution
		HideSolutionNode = FALSE
	EndGlobalSection
	GlobalSection(ExtensibilityGlobals) = postSolution
		SolutionGuid = {80C3C0CF-C83B-4288-8541-981C3025FE75}
	EndGlobalSection
EndGlobal
